Microsoft Visual Studio Solution File, Format Version 12.00
# Visual Studio Version 17
VisualStudioVersion = 17.5.2.0
MinimumVisualStudioVersion = 10.0.40219.1
Project("{FAE04EC0-301F-11D3-BF4B-00C04F79EFBC}") = "RfqAspWebApi", "RfqAspWebApi.csproj", "{612A5C45-9EA1-2DA2-5547-9341A67F281F}"
EndProject
Global
	GlobalSection(SolutionConfigurationPlatforms) = preSolution
		Debug|Any CPU = Debug|Any CPU
		Release|Any CPU = Release|Any CPU
	EndGlobalSection
	GlobalSection(ProjectConfigurationPlatforms) = postSolution
		{612A5C45-9EA1-2DA2-5547-9341A67F281F}.Debug|Any CPU.ActiveCfg = Debug|Any CPU
		{612A5C45-9EA1-2DA2-5547-9341A67F281F}.Debug|Any CPU.Build.0 = Debug|Any CPU
		{612A5C45-9EA1-2DA2-5547-9341A67F281F}.Release|Any CPU.ActiveCfg = Release|Any CPU
		{612A5C45-9EA1-2DA2-5547-9341A67F281F}.Release|Any CPU.Build.0 = Release|Any CPU
	EndGlobalSection
	GlobalSection(SolutionProperties) = preSolution
		HideSolutionNode = FALSE
	EndGlobalSection
	GlobalSection(ExtensibilityGlobals) = postSolution
		SolutionGuid = {59AFFE92-2AB2-48C5-A6CA-6AE08512B862}
	EndGlobalSection
EndGlobal
